
Microsoft Visual Studio Solution File, Format Version 12.00
# Visual Studio Version 17
VisualStudioVersion = 17.2.32526.322
MinimumVisualStudioVersion = 10.0.40219.1
Project("{9A19103F-16F7-4668-BE54-9A1E7A4F7556}") = "BookStoreApp.API", "BookStoreApp.API\BookStoreApp.API.csproj", "{6D308E32-B6C7-4EBD-BFAC-34F87A30C15A}"
EndProject
Project("{FAE04EC0-301F-11D3-BF4B-00C04F79EFBC}") = "Calculator", "Calculator\Calculator.csproj", "{127DAE6F-EC8B-4C2F-99D8-5D457AA35DB3}"
EndProject
Project("{FAE04EC0-301F-11D3-BF4B-00C04F79EFBC}") = "ConsoleApp1", "ConsoleApp1\ConsoleApp1.csproj", "{930E332D-2852-40E1-AE11-9AF918F84F78}"
EndProject
Global
	GlobalSection(SolutionConfigurationPlatforms) = preSolution
		Debug|Any CPU = Debug|Any CPU
		Release|Any CPU = Release|Any CPU
	EndGlobalSection
	GlobalSection(ProjectConfigurationPlatforms) = postSolution
		{6D308E32-B6C7-4EBD-BFAC-34F87A30C15A}.Debug|Any CPU.ActiveCfg = Debug|Any CPU
		{6D308E32-B6C7-4EBD-BFAC-34F87A30C15A}.Debug|Any CPU.Build.0 = Debug|Any CPU
		{6D308E32-B6C7-4EBD-BFAC-34F87A30C15A}.Release|Any CPU.ActiveCfg = Release|Any CPU
		{6D308E32-B6C7-4EBD-BFAC-34F87A30C15A}.Release|Any CPU.Build.0 = Release|Any CPU
		{127DAE6F-EC8B-4C2F-99D8-5D457AA35DB3}.Debug|Any CPU.ActiveCfg = Debug|Any CPU
		{127DAE6F-EC8B-4C2F-99D8-5D457AA35DB3}.Debug|Any CPU.Build.0 = Debug|Any CPU
		{127DAE6F-EC8B-4C2F-99D8-5D457AA35DB3}.Release|Any CPU.ActiveCfg = Release|Any CPU
		{127DAE6F-EC8B-4C2F-99D8-5D457AA35DB3}.Release|Any CPU.Build.0 = Release|Any CPU
		{930E332D-2852-40E1-AE11-9AF918F84F78}.Debug|Any CPU.ActiveCfg = Debug|Any CPU
		{930E332D-2852-40E1-AE11-9AF918F84F78}.Debug|Any CPU.Build.0 = Debug|Any CPU
		{930E332D-2852-40E1-AE11-9AF918F84F78}.Release|Any CPU.ActiveCfg = Release|Any CPU
		{930E332D-2852-40E1-AE11-9AF918F84F78}.Release|Any CPU.Build.0 = Release|Any CPU
	EndGlobalSection
	GlobalSection(SolutionProperties) = preSolution
		HideSolutionNode = FALSE
	EndGlobalSection
	GlobalSection(ExtensibilityGlobals) = postSolution
		SolutionGuid = {78975682-8B17-4FCA-BAAA-4E511BCE3878}
	EndGlobalSection
EndGlobal
